
Microsoft Visual Studio Solution File, Format Version 12.00
# Visual Studio 15
VisualStudioVersion = 15.0.28307.779
MinimumVisualStudioVersion = 10.0.40219.1
Project("{FAE04EC0-301F-11D3-BF4B-00C04F79EFBC}") = "1-FirstProject", "1-FirstProject\1-FirstProject.csproj", "{B7A74A53-DBF3-4FE8-A913-44E070D90D0F}"
EndProject
Project("{FAE04EC0-301F-11D3-BF4B-00C04F79EFBC}") = "2-CreatingVariables", "2-CreatingVariables\2-CreatingVariables.csproj", "{448AD7AB-C231-4D07-86EA-71D94296C814}"
EndProject
Project("{FAE04EC0-301F-11D3-BF4B-00C04F79EFBC}") = "1 - byteBank", "1 - byteBank\1 - byteBank.csproj", "{88BF3A44-2356-4E85-8645-EF0D63CEBCF8}"
EndProject
Global
	GlobalSection(SolutionConfigurationPlatforms) = preSolution
		Debug|Any CPU = Debug|Any CPU
		Release|Any CPU = Release|Any CPU
	EndGlobalSection
	GlobalSection(ProjectConfigurationPlatforms) = postSolution
		{B7A74A53-DBF3-4FE8-A913-44E070D90D0F}.Debug|Any CPU.ActiveCfg = Debug|Any CPU
		{B7A74A53-DBF3-4FE8-A913-44E070D90D0F}.Debug|Any CPU.Build.0 = Debug|Any CPU
		{B7A74A53-DBF3-4FE8-A913-44E070D90D0F}.Release|Any CPU.ActiveCfg = Release|Any CPU
		{B7A74A53-DBF3-4FE8-A913-44E070D90D0F}.Release|Any CPU.Build.0 = Release|Any CPU
		{448AD7AB-C231-4D07-86EA-71D94296C814}.Debug|Any CPU.ActiveCfg = Debug|Any CPU
		{448AD7AB-C231-4D07-86EA-71D94296C814}.Debug|Any CPU.Build.0 = Debug|Any CPU
		{448AD7AB-C231-4D07-86EA-71D94296C814}.Release|Any CPU.ActiveCfg = Release|Any CPU
		{448AD7AB-C231-4D07-86EA-71D94296C814}.Release|Any CPU.Build.0 = Release|Any CPU
		{88BF3A44-2356-4E85-8645-EF0D63CEBCF8}.Debug|Any CPU.ActiveCfg = Debug|Any CPU
		{88BF3A44-2356-4E85-8645-EF0D63CEBCF8}.Debug|Any CPU.Build.0 = Debug|Any CPU
		{88BF3A44-2356-4E85-8645-EF0D63CEBCF8}.Release|Any CPU.ActiveCfg = Release|Any CPU
		{88BF3A44-2356-4E85-8645-EF0D63CEBCF8}.Release|Any CPU.Build.0 = Release|Any CPU
	EndGlobalSection
	GlobalSection(SolutionProperties) = preSolution
		HideSolutionNode = FALSE
	EndGlobalSection
	GlobalSection(ExtensibilityGlobals) = postSolution
		SolutionGuid = {8419C064-A973-4F2A-BE11-D7F5310F0D05}
	EndGlobalSection
EndGlobal
