
Microsoft Visual Studio Solution File, Format Version 12.00
# Visual Studio 15
VisualStudioVersion = 15.0.28307.852
MinimumVisualStudioVersion = 10.0.40219.1
Project("{FAE04EC0-301F-11D3-BF4B-00C04F79EFBC}") = "BookStore-", "BookStore-\BookStore-.csproj", "{6A39FAED-6A5A-4956-946B-4028F9AFF1F5}"
EndProject
Global
	GlobalSection(SolutionConfigurationPlatforms) = preSolution
		Debug|Any CPU = Debug|Any CPU
		Release|Any CPU = Release|Any CPU
	EndGlobalSection
	GlobalSection(ProjectConfigurationPlatforms) = postSolution
		{6A39FAED-6A5A-4956-946B-4028F9AFF1F5}.Debug|Any CPU.ActiveCfg = Debug|Any CPU
		{6A39FAED-6A5A-4956-946B-4028F9AFF1F5}.Debug|Any CPU.Build.0 = Debug|Any CPU
		{6A39FAED-6A5A-4956-946B-4028F9AFF1F5}.Release|Any CPU.ActiveCfg = Release|Any CPU
		{6A39FAED-6A5A-4956-946B-4028F9AFF1F5}.Release|Any CPU.Build.0 = Release|Any CPU
	EndGlobalSection
	GlobalSection(SolutionProperties) = preSolution
		HideSolutionNode = FALSE
	EndGlobalSection
	GlobalSection(ExtensibilityGlobals) = postSolution
		SolutionGuid = {9AC16FEF-FC05-4D63-AA98-346648B62FE2}
	EndGlobalSection
EndGlobal
