
Microsoft Visual Studio Solution File, Format Version 12.00
# Visual Studio 15
VisualStudioVersion = 15.0.27130.2027
MinimumVisualStudioVersion = 10.0.40219.1
Project("{2150E333-8FDC-42A3-9474-1A3956D46DE8}") = "Aulas", "Aulas", "{6474456B-3094-4366-B537-73466B93B359}"
EndProject
Project("{2150E333-8FDC-42A3-9474-1A3956D46DE8}") = "Aula5", "Aula5", "{4631F2C0-C039-4806-B924-40ED10895E49}"
EndProject
Project("{2150E333-8FDC-42A3-9474-1A3956D46DE8}") = "depois", "depois", "{E33B064D-0B77-4015-9EB0-DEEE391FAAF0}"
EndProject
Project("{9A19103F-16F7-4668-BE54-9A1E7A4F7556}") = "CasaDoCodigo.aula5.depois", "Aulas\Aula5\depois\CasaDoCodigo\CasaDoCodigo.aula5.depois.csproj", "{D8C7B62F-8E0D-403B-9475-8EA88A4C6610}"
EndProject
Global
	GlobalSection(SolutionConfigurationPlatforms) = preSolution
		Debug|Any CPU = Debug|Any CPU
		Release|Any CPU = Release|Any CPU
	EndGlobalSection
	GlobalSection(ProjectConfigurationPlatforms) = postSolution
		{D8C7B62F-8E0D-403B-9475-8EA88A4C6610}.Debug|Any CPU.ActiveCfg = Debug|Any CPU
		{D8C7B62F-8E0D-403B-9475-8EA88A4C6610}.Debug|Any CPU.Build.0 = Debug|Any CPU
		{D8C7B62F-8E0D-403B-9475-8EA88A4C6610}.Release|Any CPU.ActiveCfg = Release|Any CPU
		{D8C7B62F-8E0D-403B-9475-8EA88A4C6610}.Release|Any CPU.Build.0 = Release|Any CPU
	EndGlobalSection
	GlobalSection(SolutionProperties) = preSolution
		HideSolutionNode = FALSE
	EndGlobalSection
	GlobalSection(NestedProjects) = preSolution
		{4631F2C0-C039-4806-B924-40ED10895E49} = {6474456B-3094-4366-B537-73466B93B359}
		{E33B064D-0B77-4015-9EB0-DEEE391FAAF0} = {4631F2C0-C039-4806-B924-40ED10895E49}
		{D8C7B62F-8E0D-403B-9475-8EA88A4C6610} = {E33B064D-0B77-4015-9EB0-DEEE391FAAF0}
	EndGlobalSection
	GlobalSection(ExtensibilityGlobals) = postSolution
		SolutionGuid = {6FED210B-3460-45CF-9C4D-877F0D63546F}
	EndGlobalSection
EndGlobal
